{
  "name": "react-reduction",
  "version": "1.0.0",
  "lockfileVersion": 1,
  "requires": true,
  "dependencies": {
    "react-data-grid": {
      "version": "4.0.7",
      "resolved": "https://registry.npmjs.org/react-data-grid/-/react-data-grid-4.0.7.tgz",
      "integrity": "sha512-iSZVKkLiYMDz76iEEjavTNCX0f5X5FG4g8O4yT6CQk314EAOgQZpmzRqv5AfjYvFu+FmWQBQkieqldaqkQbj5w=="
    },
    "react-data-grid-addons": {
      "version": "4.0.8",
      "resolved": "https://registry.npmjs.org/react-data-grid-addons/-/react-data-grid-addons-4.0.8.tgz",
      "integrity": "sha512-wpAj3PgqEAMn42dTIshoHaPhg9MpqqTGTQLnNOqPJxCnnjPJGpGcCrwDJNlhXzJoG9yrwx5YckVd7yYKHkCzQA==",
      "requires": {
        "react-data-grid": "4.0.8"
      },
      "dependencies": {
        "react-data-grid": {
          "version": "4.0.8",
          "resolved": "https://registry.npmjs.org/react-data-grid/-/react-data-grid-4.0.8.tgz",
          "integrity": "sha512-APlFLSG6UKRHXE162yH+Rnn3J+i+rX2n7WCHKbQrYgzW57v9i+72gGrE22iLC2h/kPsGs40JcZmW3OOkRqkPxA=="
        }
      }
    }
  }
}
